
Microsoft Visual Studio Solution File, Format Version 12.00
# Visual Studio Version 16
VisualStudioVersion = 16.0.29201.188
MinimumVisualStudioVersion = 10.0.40219.1
Project("{FAE04EC0-301F-11D3-BF4B-00C04F79EFBC}") = "C4iTaskManager", "C4iTaskManager\C4iTaskManager.csproj", "{1FD9747D-975A-4940-8E13-ACCBCBAE72E1}"
EndProject
Global
	GlobalSection(SolutionConfigurationPlatforms) = preSolution
		Debug|Any CPU = Debug|Any CPU
		Release|Any CPU = Release|Any CPU
	EndGlobalSection
	GlobalSection(ProjectConfigurationPlatforms) = postSolution
		{1FD9747D-975A-4940-8E13-ACCBCBAE72E1}.Debug|Any CPU.ActiveCfg = Debug|Any CPU
		{1FD9747D-975A-4940-8E13-ACCBCBAE72E1}.Debug|Any CPU.Build.0 = Debug|Any CPU
		{1FD9747D-975A-4940-8E13-ACCBCBAE72E1}.Release|Any CPU.ActiveCfg = Release|Any CPU
		{1FD9747D-975A-4940-8E13-ACCBCBAE72E1}.Release|Any CPU.Build.0 = Release|Any CPU
	EndGlobalSection
	GlobalSection(SolutionProperties) = preSolution
		HideSolutionNode = FALSE
	EndGlobalSection
	GlobalSection(ExtensibilityGlobals) = postSolution
		SolutionGuid = {5834AE4B-9305-46CE-942D-4423C97CD76C}
	EndGlobalSection
EndGlobal
